// !$*UTF8*$!
{
	archiveVersion = 1;
	classes = {
	};
	objectVersion = 46;
	objects = {

/* Begin PBXBuildFile section */
		3F8C03991B302EE60067879A /* main.m in Sources */ = {isa = PBXBuildFile; fileRef = 3F8C03981B302EE60067879A /* main.m */; };
		3F8C039C1B302EE60067879A /* AppDelegate.m in Sources */ = {isa = PBXBuildFile; fileRef = 3F8C039B1B302EE60067879A /* AppDelegate.m */; };
		3F8C039F1B302EE60067879A /* JLCircleController.xcdatamodeld in Sources */ = {isa = PBXBuildFile; fileRef = 3F8C039D1B302EE60067879A /* JLCircleController.xcdatamodeld */; };
		3F8C03A21B302EE60067879A /* ViewController.m in Sources */ = {isa = PBXBuildFile; fileRef = 3F8C03A11B302EE60067879A /* ViewController.m */; };
		3F8C03A51B302EE60067879A /* Main.storyboard in Resources */ = {isa = PBXBuildFile; fileRef = 3F8C03A31B302EE60067879A /* Main.storyboard */; };
		3F8C03A71B302EE60067879A /* Images.xcassets in Resources */ = {isa = PBXBuildFile; fileRef = 3F8C03A61B302EE60067879A /* Images.xcassets */; };
		3F8C03AA1B302EE60067879A /* LaunchScreen.xib in Resources */ = {isa = PBXBuildFile; fileRef = 3F8C03A81B302EE60067879A /* LaunchScreen.xib */; };
		3F8C03B61B302EE60067879A /* JLCircleControllerTests.m in Sources */ = {isa = PBXBuildFile; fileRef = 3F8C03B51B302EE60067879A /* JLCircleControllerTests.m */; };
		3F8C03C11B302EFE0067879A /* JLCircleController.m in Sources */ = {isa = PBXBuildFile; fileRef = 3F8C03C01B302EFE0067879A /* JLCircleController.m */; };
/* End PBXBuildFile section */

/* Begin PBXContainerItemProxy section */
		3F8C03B01B302EE60067879A /* PBXContainerItemProxy */ = {
			isa = PBXContainerItemProxy;
			containerPortal = 3F8C038B1B302EE60067879A /* Project object */;
			proxyType = 1;
			remoteGlobalIDString = 3F8C03921B302EE60067879A;
			remoteInfo = JLCircleController;
		};
/* End PBXContainerItemProxy section */

/* Begin PBXFileReference section */
		3F8C03931B302EE60067879A /* JLCircleController.app */ = {isa = PBXFileReference; explicitFileType = wrapper.application; includeInIndex = 0; path = JLCircleController.app; sourceTree = BUILT_PRODUCTS_DIR; };
		3F8C03971B302EE60067879A /* Info.plist */ = {isa = PBXFileReference; lastKnownFileType = text.plist.xml; path = Info.plist; sourceTree = "<group>"; };
		3F8C03981B302EE60067879A /* main.m */ = {isa = PBXFileReference; lastKnownFileType = sourcecode.c.objc; path = main.m; sourceTree = "<group>"; };
		3F8C039A1B302EE60067879A /* AppDelegate.h */ = {isa = PBXFileReference; lastKnownFileType = sourcecode.c.h; path = AppDelegate.h; sourceTree = "<group>"; };
		3F8C039B1B302EE60067879A /* AppDelegate.m */ = {isa = PBXFileReference; lastKnownFileType = sourcecode.c.objc; path = AppDelegate.m; sourceTree = "<group>"; };
		3F8C039E1B302EE60067879A /* JLCircleController.xcdatamodel */ = {isa = PBXFileReference; lastKnownFileType = wrapper.xcdatamodel; path = JLCircleController.xcdatamodel; sourceTree = "<group>"; };
		3F8C03A01B302EE60067879A /* ViewController.h */ = {isa = PBXFileReference; lastKnownFileType = sourcecode.c.h; path = ViewController.h; sourceTree = "<group>"; };
		3F8C03A11B302EE60067879A /* ViewController.m */ = {isa = PBXFileReference; lastKnownFileType = sourcecode.c.objc; path = ViewController.m; sourceTree = "<group>"; };
		3F8C03A41B302EE60067879A /* Base */ = {isa = PBXFileReference; lastKnownFileType = file.storyboard; name = Base; path = Base.lproj/Main.storyboard; sourceTree = "<group>"; };
		3F8C03A61B302EE60067879A /* Images.xcassets */ = {isa = PBXFileReference; lastKnownFileType = folder.assetcatalog; path = Images.xcassets; sourceTree = "<group>"; };
		3F8C03A91B302EE60067879A /* Base */ = {isa = PBXFileReference; lastKnownFileType = file.xib; name = Base; path = Base.lproj/LaunchScreen.xib; sourceTree = "<group>"; };
		3F8C03AF1B302EE60067879A /* JLCircleControllerTests.xctest */ = {isa = PBXFileReference; explicitFileType = wrapper.cfbundle; includeInIndex = 0; path = JLCircleControllerTests.xctest; sourceTree = BUILT_PRODUCTS_DIR; };
		3F8C03B41B302EE60067879A /* Info.plist */ = {isa = PBXFileReference; lastKnownFileType = text.plist.xml; path = Info.plist; sourceTree = "<group>"; };
		3F8C03B51B302EE60067879A /* JLCircleControllerTests.m */ = {isa = PBXFileReference; lastKnownFileType = sourcecode.c.objc; path = JLCircleControllerTests.m; sourceTree = "<group>"; };
		3F8C03BF1B302EFE0067879A /* JLCircleController.h */ = {isa = PBXFileReference; fileEncoding = 4; lastKnownFileType = sourcecode.c.h; path = JLCircleController.h; sourceTree = "<group>"; };
		3F8C03C01B302EFE0067879A /* JLCircleController.m */ = {isa = PBXFileReference; fileEncoding = 4; lastKnownFileType = sourcecode.c.objc; path = JLCircleController.m; sourceTree = "<group>"; };
/* End PBXFileReference section */

/* Begin PBXFrameworksBuildPhase section */
		3F8C03901B302EE60067879A /* Frameworks */ = {
			isa = PBXFrameworksBuildPhase;
			buildActionMask = 2147483647;
			files = (
			);
			runOnlyForDeploymentPostprocessing = 0;
		};
		3F8C03AC1B302EE60067879A /* Frameworks */ = {
			isa = PBXFrameworksBuildPhase;
			buildActionMask = 2147483647;
			files = (
			);
			runOnlyForDeploymentPostprocessing = 0;
		};
/* End PBXFrameworksBuildPhase section */

/* Begin PBXGroup section */
		3F8C038A1B302EE60067879A = {
			isa = PBXGroup;
			children = (
				3F8C03951B302EE60067879A /* JLCircleController */,
				3F8C03B21B302EE60067879A /* JLCircleControllerTests */,
				3F8C03941B302EE60067879A /* Products */,
			);
			sourceTree = "<group>";
		};
		3F8C03941B302EE60067879A /* Products */ = {
			isa = PBXGroup;
			children = (
				3F8C03931B302EE60067879A /* JLCircleController.app */,
				3F8C03AF1B302EE60067879A /* JLCircleControllerTests.xctest */,
			);
			name = Products;
			sourceTree = "<group>";
		};
		3F8C03951B302EE60067879A /* JLCircleController */ = {
			isa = PBXGroup;
			children = (
				3F8C039A1B302EE60067879A /* AppDelegate.h */,
				3F8C039B1B302EE60067879A /* AppDelegate.m */,
				3F8C03A01B302EE60067879A /* ViewController.h */,
				3F8C03A11B302EE60067879A /* ViewController.m */,
				3F8C03C21B302F050067879A /* JLCircleController */,
				3F8C03A31B302EE60067879A /* Main.storyboard */,
				3F8C03A61B302EE60067879A /* Images.xcassets */,
				3F8C03A81B302EE60067879A /* LaunchScreen.xib */,
				3F8C039D1B302EE60067879A /* JLCircleController.xcdatamodeld */,
				3F8C03961B302EE60067879A /* Supporting Files */,
			);
			path = JLCircleController;
			sourceTree = "<group>";
		};
		3F8C03961B302EE60067879A /* Supporting Files */ = {
			isa = PBXGroup;
			children = (
				3F8C03971B302EE60067879A /* Info.plist */,
				3F8C03981B302EE60067879A /* main.m */,
			);
			name = "Supporting Files";
			sourceTree = "<group>";
		};
		3F8C03B21B302EE60067879A /* JLCircleControllerTests */ = {
			isa = PBXGroup;
			children = (
				3F8C03B51B302EE60067879A /* JLCircleControllerTests.m */,
				3F8C03B31B302EE60067879A /* Supporting Files */,
			);
			path = JLCircleControllerTests;
			sourceTree = "<group>";
		};
		3F8C03B31B302EE60067879A /* Supporting Files */ = {
			isa = PBXGroup;
			children = (
				3F8C03B41B302EE60067879A /* Info.plist */,
			);
			name = "Supporting Files";
			sourceTree = "<group>";
		};
		3F8C03C21B302F050067879A /* JLCircleController */ = {
			isa = PBXGroup;
			children = (
				3F8C03BF1B302EFE0067879A /* JLCircleController.h */,
				3F8C03C01B302EFE0067879A /* JLCircleController.m */,
			);
			name = JLCircleController;
			sourceTree = "<group>";
		};
/* End PBXGroup section */

/* Begin PBXNativeTarget section */
		3F8C03921B302EE60067879A /* JLCircleController */ = {
			isa = PBXNativeTarget;
			buildConfigurationList = 3F8C03B91B302EE60067879A /* Build configuration list for PBXNativeTarget "JLCircleController" */;
			buildPhases = (
				3F8C038F1B302EE60067879A /* Sources */,
				3F8C03901B302EE60067879A /* Frameworks */,
				3F8C03911B302EE60067879A /* Resources */,
			);
			buildRules = (
			);
			dependencies = (
			);
			name = JLCircleController;
			productName = JLCircleController;
			productReference = 3F8C03931B302EE60067879A /* JLCircleController.app */;
			productType = "com.apple.product-type.application";
		};
		3F8C03AE1B302EE60067879A /* JLCircleControllerTests */ = {
			isa = PBXNativeTarget;
			buildConfigurationList = 3F8C03BC1B302EE60067879A /* Build configuration list for PBXNativeTarget "JLCircleControllerTests" */;
			buildPhases = (
				3F8C03AB1B302EE60067879A /* Sources */,
				3F8C03AC1B302EE60067879A /* Frameworks */,
				3F8C03AD1B302EE60067879A /* Resources */,
			);
			buildRules = (
			);
			dependencies = (
				3F8C03B11B302EE60067879A /* PBXTargetDependency */,
			);
			name = JLCircleControllerTests;
			productName = JLCircleControllerTests;
			productReference = 3F8C03AF1B302EE60067879A /* JLCircleControllerTests.xctest */;
			productType = "com.apple.product-type.bundle.unit-test";
		};
/* End PBXNativeTarget section */

/* Begin PBXProject section */
		3F8C038B1B302EE60067879A /* Project object */ = {
			isa = PBXProject;
			attributes = {
				LastUpgradeCheck = 0630;
				ORGANIZATIONNAME = "TSUNG-LUN LIAO";
				TargetAttributes = {
					3F8C03921B302EE60067879A = {
						CreatedOnToolsVersion = 6.3.1;
						DevelopmentTeam = B8LRBM6UYQ;
					};
					3F8C03AE1B302EE60067879A = {
						CreatedOnToolsVersion = 6.3.1;
						TestTargetID = 3F8C03921B302EE60067879A;
					};
				};
			};
			buildConfigurationList = 3F8C038E1B302EE60067879A /* Build configuration list for PBXProject "JLCircleController" */;
			compatibilityVersion = "Xcode 3.2";
			developmentRegion = English;
			hasScannedForEncodings = 0;
			knownRegions = (
				en,
				Base,
			);
			mainGroup = 3F8C038A1B302EE60067879A;
			productRefGroup = 3F8C03941B302EE60067879A /* Products */;
			projectDirPath = "";
			projectRoot = "";
			targets = (
				3F8C03921B302EE60067879A /* JLCircleController */,
				3F8C03AE1B302EE60067879A /* JLCircleControllerTests */,
			);
		};
/* End PBXProject section */

/* Begin PBXResourcesBuildPhase section */
		3F8C03911B302EE60067879A /* Resources */ = {
			isa = PBXResourcesBuildPhase;
			buildActionMask = 2147483647;
			files = (
				3F8C03A51B302EE60067879A /* Main.storyboard in Resources */,
				3F8C03AA1B302EE60067879A /* LaunchScreen.xib in Resources */,
				3F8C03A71B302EE60067879A /* Images.xcassets in Resources */,
			);
			runOnlyForDeploymentPostprocessing = 0;
		};
		3F8C03AD1B302EE60067879A /* Resources */ = {
			isa = PBXResourcesBuildPhase;
			buildActionMask = 2147483647;
			files = (
			);
			runOnlyForDeploymentPostprocessing = 0;
		};
/* End PBXResourcesBuildPhase section */

/* Begin PBXSourcesBuildPhase section */
		3F8C038F1B302EE60067879A /* Sources */ = {
			isa = PBXSourcesBuildPhase;
			buildActionMask = 2147483647;
			files = (
				3F8C039C1B302EE60067879A /* AppDelegate.m in Sources */,
				3F8C03C11B302EFE0067879A /* JLCircleController.m in Sources */,
				3F8C03991B302EE60067879A /* main.m in Sources */,
				3F8C03A21B302EE60067879A /* ViewController.m in Sources */,
				3F8C039F1B302EE60067879A /* JLCircleController.xcdatamodeld in Sources */,
			);
			runOnlyForDeploymentPostprocessing = 0;
		};
		3F8C03AB1B302EE60067879A /* Sources */ = {
			isa = PBXSourcesBuildPhase;
			buildActionMask = 2147483647;
			files = (
				3F8C03B61B302EE60067879A /* JLCircleControllerTests.m in Sources */,
			);
			runOnlyForDeploymentPostprocessing = 0;
		};
/* End PBXSourcesBuildPhase section */

/* Begin PBXTargetDependency section */
		3F8C03B11B302EE60067879A /* PBXTargetDependency */ = {
			isa = PBXTargetDependency;
			target = 3F8C03921B302EE60067879A /* JLCircleController */;
			targetProxy = 3F8C03B01B302EE60067879A /* PBXContainerItemProxy */;
		};
/* End PBXTargetDependency section */

/* Begin PBXVariantGroup section */
		3F8C03A31B302EE60067879A /* Main.storyboard */ = {
			isa = PBXVariantGroup;
			children = (
				3F8C03A41B302EE60067879A /* Base */,
			);
			name = Main.storyboard;
			sourceTree = "<group>";
		};
		3F8C03A81B302EE60067879A /* LaunchScreen.xib */ = {
			isa = PBXVariantGroup;
			children = (
				3F8C03A91B302EE60067879A /* Base */,
			);
			name = LaunchScreen.xib;
			sourceTree = "<group>";
		};
/* End PBXVariantGroup section */

/* Begin XCBuildConfiguration section */
		3F8C03B71B302EE60067879A /* Debug */ = {
			isa = XCBuildConfiguration;
			buildSettings = {
				ALWAYS_SEARCH_USER_PATHS = NO;
				CLANG_CXX_LANGUAGE_STANDARD = "gnu++0x";
				CLANG_CXX_LIBRARY = "libc++";
				CLANG_ENABLE_MODULES = YES;
				CLANG_ENABLE_OBJC_ARC = YES;
				CLANG_WARN_BOOL_CONVERSION = YES;
				CLANG_WARN_CONSTANT_CONVERSION = YES;
				CLANG_WARN_DIRECT_OBJC_ISA_USAGE = YES_ERROR;
				CLANG_WARN_EMPTY_BODY = YES;
				CLANG_WARN_ENUM_CONVERSION = YES;
				CLANG_WARN_INT_CONVERSION = YES;
				CLANG_WARN_OBJC_ROOT_CLASS = YES_ERROR;
				CLANG_WARN_UNREACHABLE_CODE = YES;
				CLANG_WARN__DUPLICATE_METHOD_MATCH = YES;
				"CODE_SIGN_IDENTITY[sdk=iphoneos*]" = "iPhone Developer";
				COPY_PHASE_STRIP = NO;
				DEBUG_INFORMATION_FORMAT = "dwarf-with-dsym";
				ENABLE_STRICT_OBJC_MSGSEND = YES;
				GCC_C_LANGUAGE_STANDARD = gnu99;
				GCC_DYNAMIC_NO_PIC = NO;
				GCC_NO_COMMON_BLOCKS = YES;
				GCC_OPTIMIZATION_LEVEL = 0;
				GCC_PREPROCESSOR_DEFINITIONS = (
					"DEBUG=1",
					"$(inherited)",
				);
				GCC_SYMBOLS_PRIVATE_EXTERN = NO;
				GCC_WARN_64_TO_32_BIT_CONVERSION = YES;
				GCC_WARN_ABOUT_RETURN_TYPE = YES_ERROR;
				GCC_WARN_UNDECLARED_SELECTOR = YES;
				GCC_WARN_UNINITIALIZED_AUTOS = YES_AGGRESSIVE;
				GCC_WARN_UNUSED_FUNCTION = YES;
				GCC_WARN_UNUSED_VARIABLE = YES;
				IPHONEOS_DEPLOYMENT_TARGET = 8.3;
				MTL_ENABLE_DEBUG_INFO = YES;
				ONLY_ACTIVE_ARCH = YES;
				SDKROOT = iphoneos;
				TARGETED_DEVICE_FAMILY = "1,2";
			};
			name = Debug;
		};
		3F8C03B81B302EE60067879A /* Release */ = {
			isa = XCBuildConfiguration;
			buildSettings = {
				ALWAYS_SEARCH_USER_PATHS = NO;
				CLANG_CXX_LANGUAGE_STANDARD = "gnu++0x";
				CLANG_CXX_LIBRARY = "libc++";
				CLANG_ENABLE_MODULES = YES;
				CLANG_ENABLE_OBJC_ARC = YES;
				CLANG_WARN_BOOL_CONVERSION = YES;
				CLANG_WARN_CONSTANT_CONVERSION = YES;
				CLANG_WARN_DIRECT_OBJC_ISA_USAGE = YES_ERROR;
				CLANG_WARN_EMPTY_BODY = YES;
				CLANG_WARN_ENUM_CONVERSION = YES;
				CLANG_WARN_INT_CONVERSION = YES;
				CLANG_WARN_OBJC_ROOT_CLASS = YES_ERROR;
				CLANG_WARN_UNREACHABLE_CODE = YES;
				CLANG_WARN__DUPLICATE_METHOD_MATCH = YES;
				"CODE_SIGN_IDENTITY[sdk=iphoneos*]" = "iPhone Developer";
				COPY_PHASE_STRIP = NO;
				DEBUG_INFORMATION_FORMAT = "dwarf-with-dsym";
				ENABLE_NS_ASSERTIONS = NO;
				ENABLE_STRICT_OBJC_MSGSEND = YES;
				GCC_C_LANGUAGE_STANDARD = gnu99;
				GCC_NO_COMMON_BLOCKS = YES;
				GCC_WARN_64_TO_32_BIT_CONVERSION = YES;
				GCC_WARN_ABOUT_RETURN_TYPE = YES_ERROR;
				GCC_WARN_UNDECLARED_SELECTOR = YES;
				GCC_WARN_UNINITIALIZED_AUTOS = YES_AGGRESSIVE;
				GCC_WARN_UNUSED_FUNCTION = YES;
				GCC_WARN_UNUSED_VARIABLE = YES;
				IPHONEOS_DEPLOYMENT_TARGET = 8.3;
				MTL_ENABLE_DEBUG_INFO = NO;
				SDKROOT = iphoneos;
				TARGETED_DEVICE_FAMILY = "1,2";
				VALIDATE_PRODUCT = YES;
			};
			name = Release;
		};
		3F8C03BA1B302EE60067879A /* Debug */ = {
			isa = XCBuildConfiguration;
			buildSettings = {
				ASSETCATALOG_COMPILER_APPICON_NAME = AppIcon;
				CODE_SIGN_IDENTITY = "iPhone Developer";
				INFOPLIST_FILE = JLCircleController/Info.plist;
				LD_RUNPATH_SEARCH_PATHS = "$(inherited) @executable_path/Frameworks";
				PRODUCT_NAME = "$(TARGET_NAME)";
			};
			name = Debug;
		};
		3F8C03BB1B302EE60067879A /* Release */ = {
			isa = XCBuildConfiguration;
			buildSettings = {
				ASSETCATALOG_COMPILER_APPICON_NAME = AppIcon;
				CODE_SIGN_IDENTITY = "iPhone Developer";
				INFOPLIST_FILE = JLCircleController/Info.plist;
				LD_RUNPATH_SEARCH_PATHS = "$(inherited) @executable_path/Frameworks";
				PRODUCT_NAME = "$(TARGET_NAME)";
			};
			name = Release;
		};
		3F8C03BD1B302EE60067879A /* Debug */ = {
			isa = XCBuildConfiguration;
			buildSettings = {
				BUNDLE_LOADER = "$(TEST_HOST)";
				FRAMEWORK_SEARCH_PATHS = (
					"$(SDKROOT)/Developer/Library/Frameworks",
					"$(inherited)",
				);
				GCC_PREPROCESSOR_DEFINITIONS = (
					"DEBUG=1",
					"$(inherited)",
				);
				INFOPLIST_FILE = JLCircleControllerTests/Info.plist;
				LD_RUNPATH_SEARCH_PATHS = "$(inherited) @executable_path/Frameworks @loader_path/Frameworks";
				PRODUCT_NAME = "$(TARGET_NAME)";
				TEST_HOST = "$(BUILT_PRODUCTS_DIR)/JLCircleController.app/JLCircleController";
			};
			name = Debug;
		};
		3F8C03BE1B302EE60067879A /* Release */ = {
			isa = XCBuildConfiguration;
			buildSettings = {
				BUNDLE_LOADER = "$(TEST_HOST)";
				FRAMEWORK_SEARCH_PATHS = (
					"$(SDKROOT)/Developer/Library/Frameworks",
					"$(inherited)",
				);
				INFOPLIST_FILE = JLCircleControllerTests/Info.plist;
				LD_RUNPATH_SEARCH_PATHS = "$(inherited) @executable_path/Frameworks @loader_path/Frameworks";
				PRODUCT_NAME = "$(TARGET_NAME)";
				TEST_HOST = "$(BUILT_PRODUCTS_DIR)/JLCircleController.app/JLCircleController";
			};
			name = Release;
		};
/* End XCBuildConfiguration section */

/* Begin XCConfigurationList section */
		3F8C038E1B302EE60067879A /* Build configuration list for PBXProject "JLCircleController" */ = {
			isa = XCConfigurationList;
			buildConfigurations = (
				3F8C03B71B302EE60067879A /* Debug */,
				3F8C03B81B302EE60067879A /* Release */,
			);
			defaultConfigurationIsVisible = 0;
			defaultConfigurationName = Release;
		};
		3F8C03B91B302EE60067879A /* Build configuration list for PBXNativeTarget "JLCircleController" */ = {
			isa = XCConfigurationList;
			buildConfigurations = (
				3F8C03BA1B302EE60067879A /* Debug */,
				3F8C03BB1B302EE60067879A /* Release */,
			);
			defaultConfigurationIsVisible = 0;
		};
		3F8C03BC1B302EE60067879A /* Build configuration list for PBXNativeTarget "JLCircleControllerTests" */ = {
			isa = XCConfigurationList;
			buildConfigurations = (
				3F8C03BD1B302EE60067879A /* Debug */,
				3F8C03BE1B302EE60067879A /* Release */,
			);
			defaultConfigurationIsVisible = 0;
		};
/* End XCConfigurationList section */

/* Begin XCVersionGroup section */
		3F8C039D1B302EE60067879A /* JLCircleController.xcdatamodeld */ = {
			isa = XCVersionGroup;
			children = (
				3F8C039E1B302EE60067879A /* JLCircleController.xcdatamodel */,
			);
			currentVersion = 3F8C039E1B302EE60067879A /* JLCircleController.xcdatamodel */;
			path = JLCircleController.xcdatamodeld;
			sourceTree = "<group>";
			versionGroupType = wrapper.xcdatamodel;
		};
/* End XCVersionGroup section */
	};
	rootObject = 3F8C038B1B302EE60067879A /* Project object */;
}
